{
  "version": 4,
  "terraform_version": "1.11.4",
  "serial": 138,
  "lineage": "8b9c6eda-f727-2bd5-8e3b-3fc0d503a855",
  "outputs": {},
  "resources": [
    {
      "mode": "managed",
      "type": "azurerm_resource_group",
      "name": "cloud_rg",
      "provider": "provider[\"registry.terraform.io/hashicorp/azurerm\"]",
      "instances": [
        {
          "schema_version": 0,
          "attributes": {
            "id": "/subscriptions/16a94b55-2151-4fa9-8684-2ad3cd089429/resourceGroups/cloud_rg",
            "location": "westeurope",
            "name": "cloud_rg",
            "tags": null,
            "timeouts": null
          },
          "sensitive_attributes": [],
          "private": "eyJlMmJmYjczMC1lY2FhLTExZTYtOGY4OC0zNDM2M2JjN2M0YzAiOnsiY3JlYXRlIjo1NDAwMDAwMDAwMDAwLCJkZWxldGUiOjU0MDAwMDAwMDAwMDAsInJlYWQiOjMwMDAwMDAwMDAwMCwidXBkYXRlIjo1NDAwMDAwMDAwMDAwfX0="
        }
      ]
    },
    {
      "mode": "managed",
      "type": "azurerm_virtual_network",
      "name": "vn",
      "provider": "provider[\"registry.terraform.io/hashicorp/azurerm\"]",
      "instances": [
        {
          "schema_version": 0,
          "attributes": {
            "address_space": [
              "10.0.0.0/16"
            ],
            "bgp_community": "",
            "ddos_protection_plan": [],
            "dns_servers": [],
            "edge_zone": "",
            "flow_timeout_in_minutes": 0,
            "guid": "7391b2d4-cf82-48ee-aa2e-207fb85b1634",
            "id": "/subscriptions/16a94b55-2151-4fa9-8684-2ad3cd089429/resourceGroups/cloud_rg/providers/Microsoft.Network/virtualNetworks/vn",
            "location": "westeurope",
            "name": "vn",
            "resource_group_name": "cloud_rg",
            "subnet": [],
            "tags": null,
            "timeouts": null
          },
          "sensitive_attributes": [],
          "private": "eyJlMmJmYjczMC1lY2FhLTExZTYtOGY4OC0zNDM2M2JjN2M0YzAiOnsiY3JlYXRlIjoxODAwMDAwMDAwMDAwLCJkZWxldGUiOjE4MDAwMDAwMDAwMDAsInJlYWQiOjMwMDAwMDAwMDAwMCwidXBkYXRlIjoxODAwMDAwMDAwMDAwfX0=",
          "dependencies": [
            "azurerm_resource_group.cloud_rg"
          ]
        }
      ]
    },
    {
      "module": "module.db",
      "mode": "managed",
      "type": "azurerm_network_interface",
      "name": "db_ni",
      "provider": "provider[\"registry.terraform.io/hashicorp/azurerm\"]",
      "instances": [
        {
          "schema_version": 0,
          "attributes": {
            "applied_dns_servers": [],
            "dns_servers": [],
            "edge_zone": "",
            "enable_accelerated_networking": false,
            "enable_ip_forwarding": false,
            "id": "/subscriptions/16a94b55-2151-4fa9-8684-2ad3cd089429/resourceGroups/cloud_rg/providers/Microsoft.Network/networkInterfaces/db_ni",
            "internal_dns_name_label": "",
            "internal_domain_name_suffix": "0szjc22cz5xerkroeb51qwywge.ax.internal.cloudapp.net",
            "ip_configuration": [
              {
                "gateway_load_balancer_frontend_ip_configuration_id": "",
                "name": "internal",
                "primary": true,
                "private_ip_address": "10.0.1.5",
                "private_ip_address_allocation": "Static",
                "private_ip_address_version": "IPv4",
                "public_ip_address_id": "/subscriptions/16a94b55-2151-4fa9-8684-2ad3cd089429/resourceGroups/cloud_rg/providers/Microsoft.Network/publicIPAddresses/db_public_ip",
                "subnet_id": "/subscriptions/16a94b55-2151-4fa9-8684-2ad3cd089429/resourceGroups/cloud_rg/providers/Microsoft.Network/virtualNetworks/vn/subnets/db_subnet"
              }
            ],
            "location": "westeurope",
            "mac_address": "",
            "name": "db_ni",
            "private_ip_address": "10.0.1.5",
            "private_ip_addresses": [
              "10.0.1.5"
            ],
            "resource_group_name": "cloud_rg",
            "tags": null,
            "timeouts": null,
            "virtual_machine_id": ""
          },
          "sensitive_attributes": [],
          "private": "eyJlMmJmYjczMC1lY2FhLTExZTYtOGY4OC0zNDM2M2JjN2M0YzAiOnsiY3JlYXRlIjoxODAwMDAwMDAwMDAwLCJkZWxldGUiOjE4MDAwMDAwMDAwMDAsInJlYWQiOjMwMDAwMDAwMDAwMCwidXBkYXRlIjoxODAwMDAwMDAwMDAwfX0=",
          "dependencies": [
            "azurerm_resource_group.cloud_rg",
            "azurerm_virtual_network.vn",
            "module.db.azurerm_public_ip.db_public_ip",
            "module.db.azurerm_subnet.db_subnet"
          ]
        }
      ]
    },
    {
      "module": "module.db",
      "mode": "managed",
      "type": "azurerm_network_security_group",
      "name": "db_nsg",
      "provider": "provider[\"registry.terraform.io/hashicorp/azurerm\"]",
      "instances": [
        {
          "schema_version": 0,
          "attributes": {
            "id": "/subscriptions/16a94b55-2151-4fa9-8684-2ad3cd089429/resourceGroups/cloud_rg/providers/Microsoft.Network/networkSecurityGroups/db_nsg",
            "location": "westeurope",
            "name": "db_nsg",
            "resource_group_name": "cloud_rg",
            "security_rule": [],
            "tags": null,
            "timeouts": null
          },
          "sensitive_attributes": [],
          "private": "eyJlMmJmYjczMC1lY2FhLTExZTYtOGY4OC0zNDM2M2JjN2M0YzAiOnsiY3JlYXRlIjoxODAwMDAwMDAwMDAwLCJkZWxldGUiOjE4MDAwMDAwMDAwMDAsInJlYWQiOjMwMDAwMDAwMDAwMCwidXBkYXRlIjoxODAwMDAwMDAwMDAwfX0=",
          "dependencies": [
            "azurerm_resource_group.cloud_rg"
          ]
        }
      ]
    },
    {
      "module": "module.db",
      "mode": "managed",
      "type": "azurerm_network_security_rule",
      "name": "db_rule_influxdb_input",
      "provider": "provider[\"registry.terraform.io/hashicorp/azurerm\"]",
      "instances": [
        {
          "schema_version": 0,
          "attributes": {
            "access": "Allow",
            "description": "",
            "destination_address_prefix": "10.0.1.5",
            "destination_address_prefixes": null,
            "destination_application_security_group_ids": null,
            "destination_port_range": "8086",
            "destination_port_ranges": null,
            "direction": "Inbound",
            "id": "/subscriptions/16a94b55-2151-4fa9-8684-2ad3cd089429/resourceGroups/cloud_rg/providers/Microsoft.Network/networkSecurityGroups/db_nsg/securityRules/db_rule_influxdb_input",
            "name": "db_rule_influxdb_input",
            "network_security_group_name": "db_nsg",
            "priority": 108,
            "protocol": "*",
            "resource_group_name": "cloud_rg",
            "source_address_prefix": "*",
            "source_address_prefixes": null,
            "source_application_security_group_ids": null,
            "source_port_range": "*",
            "source_port_ranges": null,
            "timeouts": null
          },
          "sensitive_attributes": [],
          "private": "eyJlMmJmYjczMC1lY2FhLTExZTYtOGY4OC0zNDM2M2JjN2M0YzAiOnsiY3JlYXRlIjoxODAwMDAwMDAwMDAwLCJkZWxldGUiOjE4MDAwMDAwMDAwMDAsInJlYWQiOjMwMDAwMDAwMDAwMCwidXBkYXRlIjoxODAwMDAwMDAwMDAwfX0=",
          "dependencies": [
            "azurerm_resource_group.cloud_rg",
            "module.db.azurerm_network_security_group.db_nsg"
          ]
        }
      ]
    },
    {
      "module": "module.db",
      "mode": "managed",
      "type": "azurerm_network_security_rule",
      "name": "db_rule_influxdb_output",
      "provider": "provider[\"registry.terraform.io/hashicorp/azurerm\"]",
      "instances": [
        {
          "schema_version": 0,
          "attributes": {
            "access": "Allow",
            "description": "",
            "destination_address_prefix": "*",
            "destination_address_prefixes": null,
            "destination_application_security_group_ids": null,
            "destination_port_range": "*",
            "destination_port_ranges": null,
            "direction": "Outbound",
            "id": "/subscriptions/16a94b55-2151-4fa9-8684-2ad3cd089429/resourceGroups/cloud_rg/providers/Microsoft.Network/networkSecurityGroups/db_nsg/securityRules/db_rule_influxdb_output",
            "name": "db_rule_influxdb_output",
            "network_security_group_name": "db_nsg",
            "priority": 107,
            "protocol": "*",
            "resource_group_name": "cloud_rg",
            "source_address_prefix": "*",
            "source_address_prefixes": null,
            "source_application_security_group_ids": null,
            "source_port_range": "8086",
            "source_port_ranges": null,
            "timeouts": null
          },
          "sensitive_attributes": [],
          "private": "eyJlMmJmYjczMC1lY2FhLTExZTYtOGY4OC0zNDM2M2JjN2M0YzAiOnsiY3JlYXRlIjoxODAwMDAwMDAwMDAwLCJkZWxldGUiOjE4MDAwMDAwMDAwMDAsInJlYWQiOjMwMDAwMDAwMDAwMCwidXBkYXRlIjoxODAwMDAwMDAwMDAwfX0=",
          "dependencies": [
            "azurerm_resource_group.cloud_rg",
            "module.db.azurerm_network_security_group.db_nsg"
          ]
        }
      ]
    },
    {
      "module": "module.db",
      "mode": "managed",
      "type": "azurerm_network_security_rule",
      "name": "db_rule_msql_input",
      "provider": "provider[\"registry.terraform.io/hashicorp/azurerm\"]",
      "instances": [
        {
          "schema_version": 0,
          "attributes": {
            "access": "Allow",
            "description": "",
            "destination_address_prefix": "10.0.1.5",
            "destination_address_prefixes": null,
            "destination_application_security_group_ids": null,
            "destination_port_range": "3306",
            "destination_port_ranges": null,
            "direction": "Inbound",
            "id": "/subscriptions/16a94b55-2151-4fa9-8684-2ad3cd089429/resourceGroups/cloud_rg/providers/Microsoft.Network/networkSecurityGroups/db_nsg/securityRules/db_rule_msql_input",
            "name": "db_rule_msql_input",
            "network_security_group_name": "db_nsg",
            "priority": 102,
            "protocol": "*",
            "resource_group_name": "cloud_rg",
            "source_address_prefix": "*",
            "source_address_prefixes": null,
            "source_application_security_group_ids": null,
            "source_port_range": "*",
            "source_port_ranges": null,
            "timeouts": null
          },
          "sensitive_attributes": [],
          "private": "eyJlMmJmYjczMC1lY2FhLTExZTYtOGY4OC0zNDM2M2JjN2M0YzAiOnsiY3JlYXRlIjoxODAwMDAwMDAwMDAwLCJkZWxldGUiOjE4MDAwMDAwMDAwMDAsInJlYWQiOjMwMDAwMDAwMDAwMCwidXBkYXRlIjoxODAwMDAwMDAwMDAwfX0=",
          "dependencies": [
            "azurerm_resource_group.cloud_rg",
            "module.db.azurerm_network_security_group.db_nsg"
          ]
        }
      ]
    },
    {
      "module": "module.db",
      "mode": "managed",
      "type": "azurerm_network_security_rule",
      "name": "db_rule_msql_output",
      "provider": "provider[\"registry.terraform.io/hashicorp/azurerm\"]",
      "instances": [
        {
          "schema_version": 0,
          "attributes": {
            "access": "Allow",
            "description": "",
            "destination_address_prefix": "*",
            "destination_address_prefixes": null,
            "destination_application_security_group_ids": null,
            "destination_port_range": "*",
            "destination_port_ranges": null,
            "direction": "Outbound",
            "id": "/subscriptions/16a94b55-2151-4fa9-8684-2ad3cd089429/resourceGroups/cloud_rg/providers/Microsoft.Network/networkSecurityGroups/db_nsg/securityRules/db_rule_msql_output",
            "name": "db_rule_msql_output",
            "network_security_group_name": "db_nsg",
            "priority": 101,
            "protocol": "*",
            "resource_group_name": "cloud_rg",
            "source_address_prefix": "*",
            "source_address_prefixes": null,
            "source_application_security_group_ids": null,
            "source_port_range": "3306",
            "source_port_ranges": null,
            "timeouts": null
          },
          "sensitive_attributes": [],
          "private": "eyJlMmJmYjczMC1lY2FhLTExZTYtOGY4OC0zNDM2M2JjN2M0YzAiOnsiY3JlYXRlIjoxODAwMDAwMDAwMDAwLCJkZWxldGUiOjE4MDAwMDAwMDAwMDAsInJlYWQiOjMwMDAwMDAwMDAwMCwidXBkYXRlIjoxODAwMDAwMDAwMDAwfX0=",
          "dependencies": [
            "azurerm_resource_group.cloud_rg",
            "module.db.azurerm_network_security_group.db_nsg"
          ]
        }
      ]
    },
    {
      "module": "module.db",
      "mode": "managed",
      "type": "azurerm_network_security_rule",
      "name": "db_rule_postgres_input",
      "provider": "provider[\"registry.terraform.io/hashicorp/azurerm\"]",
      "instances": [
        {
          "schema_version": 0,
          "attributes": {
            "access": "Allow",
            "description": "",
            "destination_address_prefix": "10.0.1.5",
            "destination_address_prefixes": null,
            "destination_application_security_group_ids": null,
            "destination_port_range": "5432",
            "destination_port_ranges": null,
            "direction": "Inbound",
            "id": "/subscriptions/16a94b55-2151-4fa9-8684-2ad3cd089429/resourceGroups/cloud_rg/providers/Microsoft.Network/networkSecurityGroups/db_nsg/securityRules/db_rule_postgres_input",
            "name": "db_rule_postgres_input",
            "network_security_group_name": "db_nsg",
            "priority": 106,
            "protocol": "*",
            "resource_group_name": "cloud_rg",
            "source_address_prefix": "*",
            "source_address_prefixes": null,
            "source_application_security_group_ids": null,
            "source_port_range": "*",
            "source_port_ranges": null,
            "timeouts": null
          },
          "sensitive_attributes": [],
          "private": "eyJlMmJmYjczMC1lY2FhLTExZTYtOGY4OC0zNDM2M2JjN2M0YzAiOnsiY3JlYXRlIjoxODAwMDAwMDAwMDAwLCJkZWxldGUiOjE4MDAwMDAwMDAwMDAsInJlYWQiOjMwMDAwMDAwMDAwMCwidXBkYXRlIjoxODAwMDAwMDAwMDAwfX0=",
          "dependencies": [
            "azurerm_resource_group.cloud_rg",
            "module.db.azurerm_network_security_group.db_nsg"
          ]
        }
      ]
    },
    {
      "module": "module.db",
      "mode": "managed",
      "type": "azurerm_network_security_rule",
      "name": "db_rule_postgres_output",
      "provider": "provider[\"registry.terraform.io/hashicorp/azurerm\"]",
      "instances": [
        {
          "schema_version": 0,
          "attributes": {
            "access": "Allow",
            "description": "",
            "destination_address_prefix": "*",
            "destination_address_prefixes": null,
            "destination_application_security_group_ids": null,
            "destination_port_range": "*",
            "destination_port_ranges": null,
            "direction": "Outbound",
            "id": "/subscriptions/16a94b55-2151-4fa9-8684-2ad3cd089429/resourceGroups/cloud_rg/providers/Microsoft.Network/networkSecurityGroups/db_nsg/securityRules/db_rule_postgres_output",
            "name": "db_rule_postgres_output",
            "network_security_group_name": "db_nsg",
            "priority": 105,
            "protocol": "*",
            "resource_group_name": "cloud_rg",
            "source_address_prefix": "*",
            "source_address_prefixes": null,
            "source_application_security_group_ids": null,
            "source_port_range": "5432",
            "source_port_ranges": null,
            "timeouts": null
          },
          "sensitive_attributes": [],
          "private": "eyJlMmJmYjczMC1lY2FhLTExZTYtOGY4OC0zNDM2M2JjN2M0YzAiOnsiY3JlYXRlIjoxODAwMDAwMDAwMDAwLCJkZWxldGUiOjE4MDAwMDAwMDAwMDAsInJlYWQiOjMwMDAwMDAwMDAwMCwidXBkYXRlIjoxODAwMDAwMDAwMDAwfX0=",
          "dependencies": [
            "azurerm_resource_group.cloud_rg",
            "module.db.azurerm_network_security_group.db_nsg"
          ]
        }
      ]
    },
    {
      "module": "module.db",
      "mode": "managed",
      "type": "azurerm_network_security_rule",
      "name": "db_rule_sqlserver_input",
      "provider": "provider[\"registry.terraform.io/hashicorp/azurerm\"]",
      "instances": [
        {
          "schema_version": 0,
          "attributes": {
            "access": "Allow",
            "description": "",
            "destination_address_prefix": "10.0.1.5",
            "destination_address_prefixes": null,
            "destination_application_security_group_ids": null,
            "destination_port_range": "1433",
            "destination_port_ranges": null,
            "direction": "Inbound",
            "id": "/subscriptions/16a94b55-2151-4fa9-8684-2ad3cd089429/resourceGroups/cloud_rg/providers/Microsoft.Network/networkSecurityGroups/db_nsg/securityRules/db_rule_sqlserver_input",
            "name": "db_rule_sqlserver_input",
            "network_security_group_name": "db_nsg",
            "priority": 104,
            "protocol": "*",
            "resource_group_name": "cloud_rg",
            "source_address_prefix": "*",
            "source_address_prefixes": null,
            "source_application_security_group_ids": null,
            "source_port_range": "*",
            "source_port_ranges": null,
            "timeouts": null
          },
          "sensitive_attributes": [],
          "private": "eyJlMmJmYjczMC1lY2FhLTExZTYtOGY4OC0zNDM2M2JjN2M0YzAiOnsiY3JlYXRlIjoxODAwMDAwMDAwMDAwLCJkZWxldGUiOjE4MDAwMDAwMDAwMDAsInJlYWQiOjMwMDAwMDAwMDAwMCwidXBkYXRlIjoxODAwMDAwMDAwMDAwfX0=",
          "dependencies": [
            "azurerm_resource_group.cloud_rg",
            "module.db.azurerm_network_security_group.db_nsg"
          ]
        }
      ]
    },
    {
      "module": "module.db",
      "mode": "managed",
      "type": "azurerm_network_security_rule",
      "name": "db_rule_sqlserver_output",
      "provider": "provider[\"registry.terraform.io/hashicorp/azurerm\"]",
      "instances": [
        {
          "schema_version": 0,
          "attributes": {
            "access": "Allow",
            "description": "",
            "destination_address_prefix": "*",
            "destination_address_prefixes": null,
            "destination_application_security_group_ids": null,
            "destination_port_range": "*",
            "destination_port_ranges": null,
            "direction": "Outbound",
            "id": "/subscriptions/16a94b55-2151-4fa9-8684-2ad3cd089429/resourceGroups/cloud_rg/providers/Microsoft.Network/networkSecurityGroups/db_nsg/securityRules/db_rule_sqlserver_output",
            "name": "db_rule_sqlserver_output",
            "network_security_group_name": "db_nsg",
            "priority": 103,
            "protocol": "*",
            "resource_group_name": "cloud_rg",
            "source_address_prefix": "*",
            "source_address_prefixes": null,
            "source_application_security_group_ids": null,
            "source_port_range": "1433",
            "source_port_ranges": null,
            "timeouts": null
          },
          "sensitive_attributes": [],
          "private": "eyJlMmJmYjczMC1lY2FhLTExZTYtOGY4OC0zNDM2M2JjN2M0YzAiOnsiY3JlYXRlIjoxODAwMDAwMDAwMDAwLCJkZWxldGUiOjE4MDAwMDAwMDAwMDAsInJlYWQiOjMwMDAwMDAwMDAwMCwidXBkYXRlIjoxODAwMDAwMDAwMDAwfX0=",
          "dependencies": [
            "azurerm_resource_group.cloud_rg",
            "module.db.azurerm_network_security_group.db_nsg"
          ]
        }
      ]
    },
    {
      "module": "module.db",
      "mode": "managed",
      "type": "azurerm_network_security_rule",
      "name": "db_rule_ssh",
      "provider": "provider[\"registry.terraform.io/hashicorp/azurerm\"]",
      "instances": [
        {
          "schema_version": 0,
          "attributes": {
            "access": "Allow",
            "description": "",
            "destination_address_prefix": "10.0.1.5",
            "destination_address_prefixes": null,
            "destination_application_security_group_ids": null,
            "destination_port_range": "22",
            "destination_port_ranges": null,
            "direction": "Inbound",
            "id": "/subscriptions/16a94b55-2151-4fa9-8684-2ad3cd089429/resourceGroups/cloud_rg/providers/Microsoft.Network/networkSecurityGroups/db_nsg/securityRules/db_rule_ssh",
            "name": "db_rule_ssh",
            "network_security_group_name": "db_nsg",
            "priority": 100,
            "protocol": "*",
            "resource_group_name": "cloud_rg",
            "source_address_prefix": "*",
            "source_address_prefixes": null,
            "source_application_security_group_ids": null,
            "source_port_range": "*",
            "source_port_ranges": null,
            "timeouts": null
          },
          "sensitive_attributes": [],
          "private": "eyJlMmJmYjczMC1lY2FhLTExZTYtOGY4OC0zNDM2M2JjN2M0YzAiOnsiY3JlYXRlIjoxODAwMDAwMDAwMDAwLCJkZWxldGUiOjE4MDAwMDAwMDAwMDAsInJlYWQiOjMwMDAwMDAwMDAwMCwidXBkYXRlIjoxODAwMDAwMDAwMDAwfX0=",
          "dependencies": [
            "azurerm_resource_group.cloud_rg",
            "module.db.azurerm_network_security_group.db_nsg"
          ]
        }
      ]
    },
    {
      "module": "module.db",
      "mode": "managed",
      "type": "azurerm_public_ip",
      "name": "db_public_ip",
      "provider": "provider[\"registry.terraform.io/hashicorp/azurerm\"]",
      "instances": [
        {
          "schema_version": 0,
          "attributes": {
            "allocation_method": "Dynamic",
            "domain_name_label": null,
            "edge_zone": "",
            "fqdn": null,
            "id": "/subscriptions/16a94b55-2151-4fa9-8684-2ad3cd089429/resourceGroups/cloud_rg/providers/Microsoft.Network/publicIPAddresses/db_public_ip",
            "idle_timeout_in_minutes": 4,
            "ip_address": "",
            "ip_tags": null,
            "ip_version": "IPv4",
            "location": "westeurope",
            "name": "db_public_ip",
            "public_ip_prefix_id": null,
            "resource_group_name": "cloud_rg",
            "reverse_fqdn": null,
            "sku": "Basic",
            "sku_tier": "Regional",
            "tags": null,
            "timeouts": null,
            "zones": null
          },
          "sensitive_attributes": [],
          "private": "eyJlMmJmYjczMC1lY2FhLTExZTYtOGY4OC0zNDM2M2JjN2M0YzAiOnsiY3JlYXRlIjoxODAwMDAwMDAwMDAwLCJkZWxldGUiOjE4MDAwMDAwMDAwMDAsInJlYWQiOjMwMDAwMDAwMDAwMCwidXBkYXRlIjoxODAwMDAwMDAwMDAwfX0=",
          "dependencies": [
            "azurerm_resource_group.cloud_rg"
          ]
        }
      ]
    },
    {
      "module": "module.db",
      "mode": "managed",
      "type": "azurerm_ssh_public_key",
      "name": "spk",
      "provider": "provider[\"registry.terraform.io/hashicorp/azurerm\"]",
      "instances": [
        {
          "schema_version": 0,
          "attributes": {
            "id": "/subscriptions/16a94b55-2151-4fa9-8684-2ad3cd089429/resourceGroups/cloud_rg/providers/Microsoft.Compute/sshPublicKeys/spk",
            "location": "westeurope",
            "name": "spk",
            "public_key": "ssh-rsa AAAAB3NzaC1yc2EAAAADAQABAAABgQCremca6JcadgORDtofLKjDJl3qnbKQibUb6vWfakpOOcqWbGOOWGUcKxW8KgdALZmkT9q07m/5ZxukfarbKpvNgR1EO7olxASI9UKVNWDrlzUV+XdtVdWt9tdzEKGOcgu0OlyHfUTg0fzgC2w5vtzTcUu2tncyGtJworakFH62y4NEPeWrBdisuziRIH7VV6evfQST5y697tNi6iqYpyPDkLP2SfJf07xglOjIdzP4IgyrWH6sTMzdspnYaM1YTLvR7cLGXKrex09f03Iy0g2LUjzdWEulisnsl5z7rexJGZfWegYncA1LWzWQfY/fXM3avVLFNM9vfiRhM1JdYQZvhTR2A1lmj/aErYXIBpsrNwk0AmlTj1apnd/L8jpq39Bxb4pH/AIq/hyDYqcIhEAt+78v8tyQpagiE035o0Qt5RlG698v4oUB9ev95hxTv9YFp1KkeMl9+Du++hg43yJxlyZOfRAQNB+GWElRFbR+TkhPUYHwkJXcLy/sLEgQQ2M= asier@DESKTOP-9UT5ITE\r\n",
            "resource_group_name": "cloud_rg",
            "tags": null,
            "timeouts": null
          },
          "sensitive_attributes": [],
          "private": "eyJlMmJmYjczMC1lY2FhLTExZTYtOGY4OC0zNDM2M2JjN2M0YzAiOnsiY3JlYXRlIjoyNzAwMDAwMDAwMDAwLCJkZWxldGUiOjI3MDAwMDAwMDAwMDAsInJlYWQiOjMwMDAwMDAwMDAwMCwidXBkYXRlIjoyNzAwMDAwMDAwMDAwfX0=",
          "dependencies": [
            "azurerm_resource_group.cloud_rg"
          ]
        }
      ]
    },
    {
      "module": "module.db",
      "mode": "managed",
      "type": "azurerm_subnet",
      "name": "db_subnet",
      "provider": "provider[\"registry.terraform.io/hashicorp/azurerm\"]",
      "instances": [
        {
          "schema_version": 0,
          "attributes": {
            "address_prefixes": [
              "10.0.1.0/24"
            ],
            "delegation": [],
            "enforce_private_link_endpoint_network_policies": false,
            "enforce_private_link_service_network_policies": false,
            "id": "/subscriptions/16a94b55-2151-4fa9-8684-2ad3cd089429/resourceGroups/cloud_rg/providers/Microsoft.Network/virtualNetworks/vn/subnets/db_subnet",
            "name": "db_subnet",
            "resource_group_name": "cloud_rg",
            "service_endpoint_policy_ids": null,
            "service_endpoints": null,
            "timeouts": null,
            "virtual_network_name": "vn"
          },
          "sensitive_attributes": [],
          "private": "eyJlMmJmYjczMC1lY2FhLTExZTYtOGY4OC0zNDM2M2JjN2M0YzAiOnsiY3JlYXRlIjoxODAwMDAwMDAwMDAwLCJkZWxldGUiOjE4MDAwMDAwMDAwMDAsInJlYWQiOjMwMDAwMDAwMDAwMCwidXBkYXRlIjoxODAwMDAwMDAwMDAwfX0=",
          "dependencies": [
            "azurerm_resource_group.cloud_rg",
            "azurerm_virtual_network.vn"
          ]
        }
      ]
    },
    {
      "module": "module.db",
      "mode": "managed",
      "type": "azurerm_subnet_network_security_group_association",
      "name": "nsg_association",
      "provider": "provider[\"registry.terraform.io/hashicorp/azurerm\"]",
      "instances": [
        {
          "schema_version": 0,
          "attributes": {
            "id": "/subscriptions/16a94b55-2151-4fa9-8684-2ad3cd089429/resourceGroups/cloud_rg/providers/Microsoft.Network/virtualNetworks/vn/subnets/db_subnet",
            "network_security_group_id": "/subscriptions/16a94b55-2151-4fa9-8684-2ad3cd089429/resourceGroups/cloud_rg/providers/Microsoft.Network/networkSecurityGroups/db_nsg",
            "subnet_id": "/subscriptions/16a94b55-2151-4fa9-8684-2ad3cd089429/resourceGroups/cloud_rg/providers/Microsoft.Network/virtualNetworks/vn/subnets/db_subnet",
            "timeouts": null
          },
          "sensitive_attributes": [],
          "private": "eyJlMmJmYjczMC1lY2FhLTExZTYtOGY4OC0zNDM2M2JjN2M0YzAiOnsiY3JlYXRlIjoxODAwMDAwMDAwMDAwLCJkZWxldGUiOjE4MDAwMDAwMDAwMDAsInJlYWQiOjMwMDAwMDAwMDAwMCwidXBkYXRlIjoxODAwMDAwMDAwMDAwfX0=",
          "dependencies": [
            "azurerm_resource_group.cloud_rg",
            "azurerm_virtual_network.vn",
            "module.db.azurerm_network_security_group.db_nsg",
            "module.db.azurerm_subnet.db_subnet"
          ]
        }
      ]
    },
    {
      "module": "module.db",
      "mode": "managed",
      "type": "azurerm_virtual_machine",
      "name": "bd-vm",
      "provider": "provider[\"registry.terraform.io/hashicorp/azurerm\"]",
      "instances": [
        {
          "schema_version": 0,
          "attributes": {
            "additional_capabilities": [],
            "availability_set_id": null,
            "boot_diagnostics": [],
            "delete_data_disks_on_termination": true,
            "delete_os_disk_on_termination": true,
            "id": "/subscriptions/16a94b55-2151-4fa9-8684-2ad3cd089429/resourceGroups/cloud_rg/providers/Microsoft.Compute/virtualMachines/bd-vm",
            "identity": [],
            "license_type": null,
            "location": "westeurope",
            "name": "bd-vm",
            "network_interface_ids": [
              "/subscriptions/16a94b55-2151-4fa9-8684-2ad3cd089429/resourceGroups/cloud_rg/providers/Microsoft.Network/networkInterfaces/db_ni"
            ],
            "os_profile": [
              {
                "admin_password": "",
                "admin_username": "adminasier",
                "computer_name": "bd-vm",
                "custom_data": ""
              }
            ],
            "os_profile_linux_config": [
              {
                "disable_password_authentication": true,
                "ssh_keys": [
                  {
                    "key_data": "ssh-rsa AAAAB3NzaC1yc2EAAAADAQABAAABgQCremca6JcadgORDtofLKjDJl3qnbKQibUb6vWfakpOOcqWbGOOWGUcKxW8KgdALZmkT9q07m/5ZxukfarbKpvNgR1EO7olxASI9UKVNWDrlzUV+XdtVdWt9tdzEKGOcgu0OlyHfUTg0fzgC2w5vtzTcUu2tncyGtJworakFH62y4NEPeWrBdisuziRIH7VV6evfQST5y697tNi6iqYpyPDkLP2SfJf07xglOjIdzP4IgyrWH6sTMzdspnYaM1YTLvR7cLGXKrex09f03Iy0g2LUjzdWEulisnsl5z7rexJGZfWegYncA1LWzWQfY/fXM3avVLFNM9vfiRhM1JdYQZvhTR2A1lmj/aErYXIBpsrNwk0AmlTj1apnd/L8jpq39Bxb4pH/AIq/hyDYqcIhEAt+78v8tyQpagiE035o0Qt5RlG698v4oUB9ev95hxTv9YFp1KkeMl9+Du++hg43yJxlyZOfRAQNB+GWElRFbR+TkhPUYHwkJXcLy/sLEgQQ2M= asier@DESKTOP-9UT5ITE\r\n",
                    "path": "/home/adminasier/.ssh/authorized_keys"
                  }
                ]
              }
            ],
            "os_profile_secrets": [],
            "os_profile_windows_config": [],
            "plan": [],
            "primary_network_interface_id": null,
            "proximity_placement_group_id": null,
            "resource_group_name": "cloud_rg",
            "storage_data_disk": [],
            "storage_image_reference": [
              {
                "id": "",
                "offer": "0001-com-ubuntu-server-jammy",
                "publisher": "Canonical",
                "sku": "22_04-lts",
                "version": "latest"
              }
            ],
            "storage_os_disk": [
              {
                "caching": "ReadWrite",
                "create_option": "FromImage",
                "disk_size_gb": 30,
                "image_uri": "",
                "managed_disk_id": "/subscriptions/16a94b55-2151-4fa9-8684-2ad3cd089429/resourceGroups/cloud_rg/providers/Microsoft.Compute/disks/OSdisk",
                "managed_disk_type": "Standard_LRS",
                "name": "OSdisk",
                "os_type": "Linux",
                "vhd_uri": "",
                "write_accelerator_enabled": false
              }
            ],
            "tags": null,
            "timeouts": null,
            "vm_size": "Standard_B2s",
            "zones": null
          },
          "sensitive_attributes": [
            [
              {
                "type": "get_attr",
                "value": "os_profile"
              }
            ]
          ],
          "private": "eyJlMmJmYjczMC1lY2FhLTExZTYtOGY4OC0zNDM2M2JjN2M0YzAiOnsiY3JlYXRlIjozNjAwMDAwMDAwMDAwLCJkZWxldGUiOjM2MDAwMDAwMDAwMDAsInJlYWQiOjMwMDAwMDAwMDAwMCwidXBkYXRlIjozNjAwMDAwMDAwMDAwfX0=",
          "dependencies": [
            "azurerm_resource_group.cloud_rg",
            "azurerm_virtual_network.vn",
            "module.db.azurerm_network_interface.db_ni",
            "module.db.azurerm_public_ip.db_public_ip",
            "module.db.azurerm_ssh_public_key.spk",
            "module.db.azurerm_subnet.db_subnet"
          ]
        }
      ]
    }
  ],
  "check_results": null
}
